%{
  "file_system": {:hex, :file_system, "0.2.10", "fb082005a9cd1711c05b5248710f8826b02d7d1784e7c3451f9c1231d4fc162d", [:mix], [], "hexpm", "41195edbfb562a593726eda3b3e8b103a309b733ad25f3d642ba49696bf715dc"},
  "libgraph": {:hex, :libgraph, "0.13.3", "20732b7bafb933dcf7351c479e03076ebd14a85fd3202c67a1c197f4f7c2466b", [:mix], [], "hexpm", "78f2576eef615440b46f10060b1de1c86640441422832052686df53dc3c148c6"},
  "mix_test_watch": {:hex, :mix_test_watch, "1.0.2", "34900184cbbbc6b6ed616ed3a8ea9b791f9fd2088419352a6d3200525637f785", [:mix], [{:file_system, "~> 0.2.1 or ~> 0.3", [hex: :file_system, repo: "hexpm", optional: false]}], "hexpm", "47ac558d8b06f684773972c6d04fcc15590abdb97aeb7666da19fcbfdc441a07"},
  "propcheck": {:hex, :propcheck, "1.3.0", "0eda73220796262c8cb38d1bf4f7ca6eb428b414f495184132f317958bb9ad68", [:mix], [{:libgraph, "~> 0.13", [hex: :libgraph, repo: "hexpm", optional: false]}, {:proper, "~> 1.3", [hex: :proper, repo: "hexpm", optional: false]}], "hexpm", "3ef93a24dc5729bdf2c418045e1a4008a79446872fd5eb0f63dc58691ae47601"},
  "proper": {:hex, :proper, "1.3.0", "c1acd51c51da17a2fe91d7a6fc6a0c25a6a9849d8dc77093533109d1218d8457", [:make, :mix, :rebar3], [], "hexpm", "4aa192fccddd03fdbe50fef620be9d4d2f92635b54f55fb83aec185994403cbc"},
}
